{
  "nodes": {
    "nixpkgs": {
      "locked": {
        "lastModified": 1757487488,
        "narHash": "sha256-zwE/e7CuPJUWKdvvTCB7iunV4E/+G0lKfv4kk/5Izdg=",
        "owner": "NixOS",
        "repo": "nixpkgs",
        "rev": "ab0f3607a6c7486ea22229b92ed2d355f1482ee0",
        "type": "github"
      },
      "original": {
        "owner": "NixOS",
        "ref": "nixos-unstable",
        "repo": "nixpkgs",
        "type": "github"
      }
    },
    "root": {
      "inputs": {
        "nixpkgs": "nixpkgs",
        "wtt": "wtt"
      }
    },
    "wtt": {
      "flake": false,
      "locked": {
        "lastModified": 1732542234,
        "narHash": "sha256-DUJrOy8FAtYK0alhWvWN504C6+3X7krnr+ETEeXtRS0=",
        "owner": "WeirdTreeThing",
        "repo": "chromebook-ucm-conf",
        "rev": "db9605e8d9cedea3657743c18fca862c05b59082",
        "type": "github"
      },
      "original": {
        "owner": "WeirdTreeThing",
        "repo": "chromebook-ucm-conf",
        "type": "github"
      }
    }
  },
  "root": "root",
  "version": 7
}
